{
  "requires": true,
  "lockfileVersion": 1,
  "dependencies": {
    "wasi": {
      "version": "0.0.3",
      "resolved": "https://registry.npmjs.org/wasi/-/wasi-0.0.3.tgz",
      "integrity": "sha512-eFgq1iCF/NiLsAONtQX2BNQ17i+KEWacDIRU/kS+hC5GmfUBZGe/Tm+kN3BvJVnopCA9M+wOkOWOhuVdNGR4OA=="
    },
    "wasi_unstable": {
      "version": "0.1.3",
      "resolved": "https://registry.npmjs.org/wasi_unstable/-/wasi_unstable-0.1.3.tgz",
      "integrity": "sha512-no4fc+eObdbKjTlcMpF8JRTFyH1NUhYiN1aTS3Ux6PO8LVkLCF6uilgc5FbBhbOMwY3NxtYdpgK72+CuHxgpEw==",
      "requires": {
        "wasi": "0.0.3"
      }
    }
  }
}
